
Microsoft Visual Studio Solution File, Format Version 12.00
# Visual Studio Version 17
VisualStudioVersion = 17.2.32602.215
MinimumVisualStudioVersion = 10.0.40219.1
Project("{9A19103F-16F7-4668-BE54-9A1E7A4F7556}") = "Domain", "src\Domain\Domain.csproj", "{C8D4FB7F-F2BD-4F75-905A-9621F2AB712A}"
EndProject
Project("{2150E333-8FDC-42A3-9474-1A3956D46DE8}") = "tests", "tests", "{745EEB6F-145F-4F14-B1EA-B9C89EE4C6C4}"
EndProject
Project("{9A19103F-16F7-4668-BE54-9A1E7A4F7556}") = "DomainTests", "tests\DomainTests\DomainTests.csproj", "{5DC83974-2808-4E78-B5FA-F23E0BAE70E4}"
EndProject
Project("{FAE04EC0-301F-11D3-BF4B-00C04F79EFBC}") = "LocalRepository", "src\LocalRepository\LocalRepository.csproj", "{9A14E60A-C70B-4EE1-81E0-78B8367A8601}"
EndProject
Project("{FAE04EC0-301F-11D3-BF4B-00C04F79EFBC}") = "Infrastructure", "src\Infrastructure\Infrastructure.csproj", "{51D7BE87-5579-4D8B-9186-F46494D31D56}"
EndProject
Project("{FAE04EC0-301F-11D3-BF4B-00C04F79EFBC}") = "LocalRepositoryTests", "tests\LocalRepositoryTests\LocalRepositoryTests.csproj", "{CEF2805B-6531-49D6-A08E-3979803BA602}"
EndProject
Project("{FAE04EC0-301F-11D3-BF4B-00C04F79EFBC}") = "IntegrationTests", "tests\IntegrationTests\IntegrationTests.csproj", "{5F873998-0270-4DBD-B583-B0A0FA1FADA6}"
EndProject
Project("{FAE04EC0-301F-11D3-BF4B-00C04F79EFBC}") = "TestData", "src\TestData\TestData.csproj", "{28628F80-3965-4A2C-800A-31A25E548C5A}"
EndProject
Project("{FAE04EC0-301F-11D3-BF4B-00C04F79EFBC}") = "WebAPI", "src\WebAPI\WebAPI.csproj", "{12091082-F3B0-4DC8-BD39-2578B734D42B}"
EndProject
Global
	GlobalSection(SolutionConfigurationPlatforms) = preSolution
		Debug|Any CPU = Debug|Any CPU
		Release|Any CPU = Release|Any CPU
	EndGlobalSection
	GlobalSection(ProjectConfigurationPlatforms) = postSolution
		{C8D4FB7F-F2BD-4F75-905A-9621F2AB712A}.Debug|Any CPU.ActiveCfg = Debug|Any CPU
		{C8D4FB7F-F2BD-4F75-905A-9621F2AB712A}.Debug|Any CPU.Build.0 = Debug|Any CPU
		{C8D4FB7F-F2BD-4F75-905A-9621F2AB712A}.Release|Any CPU.ActiveCfg = Release|Any CPU
		{C8D4FB7F-F2BD-4F75-905A-9621F2AB712A}.Release|Any CPU.Build.0 = Release|Any CPU
		{5DC83974-2808-4E78-B5FA-F23E0BAE70E4}.Debug|Any CPU.ActiveCfg = Debug|Any CPU
		{5DC83974-2808-4E78-B5FA-F23E0BAE70E4}.Debug|Any CPU.Build.0 = Debug|Any CPU
		{5DC83974-2808-4E78-B5FA-F23E0BAE70E4}.Release|Any CPU.ActiveCfg = Release|Any CPU
		{5DC83974-2808-4E78-B5FA-F23E0BAE70E4}.Release|Any CPU.Build.0 = Release|Any CPU
		{9A14E60A-C70B-4EE1-81E0-78B8367A8601}.Debug|Any CPU.ActiveCfg = Debug|Any CPU
		{9A14E60A-C70B-4EE1-81E0-78B8367A8601}.Debug|Any CPU.Build.0 = Debug|Any CPU
		{9A14E60A-C70B-4EE1-81E0-78B8367A8601}.Release|Any CPU.ActiveCfg = Release|Any CPU
		{9A14E60A-C70B-4EE1-81E0-78B8367A8601}.Release|Any CPU.Build.0 = Release|Any CPU
		{51D7BE87-5579-4D8B-9186-F46494D31D56}.Debug|Any CPU.ActiveCfg = Debug|Any CPU
		{51D7BE87-5579-4D8B-9186-F46494D31D56}.Debug|Any CPU.Build.0 = Debug|Any CPU
		{51D7BE87-5579-4D8B-9186-F46494D31D56}.Release|Any CPU.ActiveCfg = Release|Any CPU
		{51D7BE87-5579-4D8B-9186-F46494D31D56}.Release|Any CPU.Build.0 = Release|Any CPU
		{CEF2805B-6531-49D6-A08E-3979803BA602}.Debug|Any CPU.ActiveCfg = Debug|Any CPU
		{CEF2805B-6531-49D6-A08E-3979803BA602}.Debug|Any CPU.Build.0 = Debug|Any CPU
		{CEF2805B-6531-49D6-A08E-3979803BA602}.Release|Any CPU.ActiveCfg = Release|Any CPU
		{CEF2805B-6531-49D6-A08E-3979803BA602}.Release|Any CPU.Build.0 = Release|Any CPU
		{5F873998-0270-4DBD-B583-B0A0FA1FADA6}.Debug|Any CPU.ActiveCfg = Debug|Any CPU
		{5F873998-0270-4DBD-B583-B0A0FA1FADA6}.Debug|Any CPU.Build.0 = Debug|Any CPU
		{5F873998-0270-4DBD-B583-B0A0FA1FADA6}.Release|Any CPU.ActiveCfg = Release|Any CPU
		{5F873998-0270-4DBD-B583-B0A0FA1FADA6}.Release|Any CPU.Build.0 = Release|Any CPU
		{28628F80-3965-4A2C-800A-31A25E548C5A}.Debug|Any CPU.ActiveCfg = Debug|Any CPU
		{28628F80-3965-4A2C-800A-31A25E548C5A}.Debug|Any CPU.Build.0 = Debug|Any CPU
		{28628F80-3965-4A2C-800A-31A25E548C5A}.Release|Any CPU.ActiveCfg = Release|Any CPU
		{28628F80-3965-4A2C-800A-31A25E548C5A}.Release|Any CPU.Build.0 = Release|Any CPU
		{12091082-F3B0-4DC8-BD39-2578B734D42B}.Debug|Any CPU.ActiveCfg = Debug|Any CPU
		{12091082-F3B0-4DC8-BD39-2578B734D42B}.Debug|Any CPU.Build.0 = Debug|Any CPU
		{12091082-F3B0-4DC8-BD39-2578B734D42B}.Release|Any CPU.ActiveCfg = Release|Any CPU
		{12091082-F3B0-4DC8-BD39-2578B734D42B}.Release|Any CPU.Build.0 = Release|Any CPU
	EndGlobalSection
	GlobalSection(SolutionProperties) = preSolution
		HideSolutionNode = FALSE
	EndGlobalSection
	GlobalSection(NestedProjects) = preSolution
		{5DC83974-2808-4E78-B5FA-F23E0BAE70E4} = {745EEB6F-145F-4F14-B1EA-B9C89EE4C6C4}
		{CEF2805B-6531-49D6-A08E-3979803BA602} = {745EEB6F-145F-4F14-B1EA-B9C89EE4C6C4}
		{5F873998-0270-4DBD-B583-B0A0FA1FADA6} = {745EEB6F-145F-4F14-B1EA-B9C89EE4C6C4}
	EndGlobalSection
	GlobalSection(ExtensibilityGlobals) = postSolution
		SolutionGuid = {059B1D86-A6C8-44A2-AFFA-494D69E83089}
	EndGlobalSection
EndGlobal
